
Microsoft Visual Studio Solution File, Format Version 11.00
# Visual Studio 2010
Project("{FAE04EC0-301F-11D3-BF4B-00C04F79EFBC}") = "Assembly-CSharp", "Assembly-CSharp.csproj", "{35CB260B-00EF-A91B-D6CF-07B0FCDF4083}"
EndProject
Project("{FAE04EC0-301F-11D3-BF4B-00C04F79EFBC}") = "Assembly-CSharp-Editor", "Assembly-CSharp-Editor.csproj", "{54C4E71F-D00E-35F7-35AF-3BE6A965359E}"
EndProject
Global
	GlobalSection(SolutionConfigurationPlatforms) = preSolution
		Debug|Any CPU = Debug|Any CPU
		Release|Any CPU = Release|Any CPU
	EndGlobalSection
	GlobalSection(ProjectConfigurationPlatforms) = postSolution
		{35CB260B-00EF-A91B-D6CF-07B0FCDF4083}.Debug|Any CPU.ActiveCfg = Debug|Any CPU
		{35CB260B-00EF-A91B-D6CF-07B0FCDF4083}.Debug|Any CPU.Build.0 = Debug|Any CPU
		{35CB260B-00EF-A91B-D6CF-07B0FCDF4083}.Release|Any CPU.ActiveCfg = Release|Any CPU
		{35CB260B-00EF-A91B-D6CF-07B0FCDF4083}.Release|Any CPU.Build.0 = Release|Any CPU
		{54C4E71F-D00E-35F7-35AF-3BE6A965359E}.Debug|Any CPU.ActiveCfg = Debug|Any CPU
		{54C4E71F-D00E-35F7-35AF-3BE6A965359E}.Debug|Any CPU.Build.0 = Debug|Any CPU
		{54C4E71F-D00E-35F7-35AF-3BE6A965359E}.Release|Any CPU.ActiveCfg = Release|Any CPU
		{54C4E71F-D00E-35F7-35AF-3BE6A965359E}.Release|Any CPU.Build.0 = Release|Any CPU
	EndGlobalSection
	GlobalSection(SolutionProperties) = preSolution
		HideSolutionNode = FALSE
	EndGlobalSection
EndGlobal
